{
  "version": 4,
  "terraform_version": "1.11.4",
  "serial": 14,
  "lineage": "cd7d0a4b-305b-f870-70cf-bd4962dce765",
  "outputs": {},
  "resources": [
    {
      "mode": "managed",
      "type": "google_artifact_registry_repository",
      "name": "wordle",
      "provider": "provider[\"registry.terraform.io/hashicorp/google\"]",
      "instances": [
        {
          "schema_version": 0,
          "attributes": {
            "create_time": "2025-04-26T18:19:16.289148Z",
            "description": "Docker repository for Wordle clone",
            "docker_config": [],
            "format": "DOCKER",
            "id": "projects/personal-409116/locations/us-central1/repositories/wordle",
            "kms_key_name": "",
            "labels": {},
            "location": "us-central1",
            "maven_config": [],
            "mode": "STANDARD_REPOSITORY",
            "name": "wordle",
            "project": "personal-409116",
            "remote_repository_config": [],
            "repository_id": "wordle",
            "timeouts": null,
            "update_time": "2025-04-26T18:27:29.685069Z",
            "virtual_repository_config": []
          },
          "sensitive_attributes": [],
          "private": "eyJlMmJmYjczMC1lY2FhLTExZTYtOGY4OC0zNDM2M2JjN2M0YzAiOnsiY3JlYXRlIjoxMjAwMDAwMDAwMDAwLCJkZWxldGUiOjEyMDAwMDAwMDAwMDAsInVwZGF0ZSI6MTIwMDAwMDAwMDAwMH19"
        }
      ]
    },
    {
      "mode": "managed",
      "type": "google_cloud_run_service",
      "name": "wordle",
      "provider": "provider[\"registry.terraform.io/hashicorp/google\"]",
      "instances": [
        {
          "status": "tainted",
          "schema_version": 1,
          "attributes": {
            "autogenerate_revision_name": false,
            "id": "locations/us-central1/namespaces/personal-409116/services/wordle",
            "location": "us-central1",
            "metadata": null,
            "name": "wordle",
            "project": null,
            "status": null,
            "template": [
              {
                "metadata": [],
                "spec": [
                  {
                    "container_concurrency": 0,
                    "containers": [
                      {
                        "args": null,
                        "command": null,
                        "env": [
                          {
                            "name": "NODE_ENV",
                            "value": "production",
                            "value_from": []
                          }
                        ],
                        "env_from": [],
                        "image": "us-central1-docker.pkg.dev/personal-409116/wordle/wordle:latest",
                        "liveness_probe": [
                          {
                            "failure_threshold": 1,
                            "grpc": [],
                            "http_get": [
                              {
                                "http_headers": [],
                                "path": "/",
                                "port": 8080
                              }
                            ],
                            "initial_delay_seconds": 0,
                            "period_seconds": 240,
                            "timeout_seconds": 240
                          }
                        ],
                        "name": "",
                        "ports": [
                          {
                            "container_port": 8080,
                            "name": "",
                            "protocol": ""
                          }
                        ],
                        "resources": [],
                        "startup_probe": [
                          {
                            "failure_threshold": 1,
                            "grpc": [],
                            "http_get": [],
                            "initial_delay_seconds": 0,
                            "period_seconds": 240,
                            "tcp_socket": [
                              {
                                "port": 8080
                              }
                            ],
                            "timeout_seconds": 240
                          }
                        ],
                        "volume_mounts": [],
                        "working_dir": ""
                      }
                    ],
                    "service_account_name": "",
                    "serving_state": "",
                    "timeout_seconds": 300,
                    "volumes": []
                  }
                ]
              }
            ],
            "timeouts": null,
            "traffic": [
              {
                "latest_revision": true,
                "percent": 100,
                "revision_name": "",
                "tag": "",
                "url": ""
              }
            ]
          },
          "sensitive_attributes": [],
          "private": "eyJlMmJmYjczMC1lY2FhLTExZTYtOGY4OC0zNDM2M2JjN2M0YzAiOnsiY3JlYXRlIjoxMjAwMDAwMDAwMDAwLCJkZWxldGUiOjEyMDAwMDAwMDAwMDAsInVwZGF0ZSI6MTIwMDAwMDAwMDAwMH0sInNjaGVtYV92ZXJzaW9uIjoiMSJ9"
        }
      ]
    }
  ],
  "check_results": null
}
